
Microsoft Visual Studio Solution File, Format Version 12.00
# Visual Studio Version 17
VisualStudioVersion = 17.14.36327.8 d17.14
MinimumVisualStudioVersion = 10.0.40219.1
Project("{FAE04EC0-301F-11D3-BF4B-00C04F79EFBC}") = "InterfaceDemo.ConsoleApp", "InterfaceDemo.ConsoleApp\InterfaceDemo.ConsoleApp.csproj", "{D413857A-700C-427E-8C67-7413A0D5D94B}"
EndProject
Project("{FAE04EC0-301F-11D3-BF4B-00C04F79EFBC}") = "InterfaceDemo.VatCalculatorV1", "InterfaceDemo.VatCalculatorV1\InterfaceDemo.VatCalculatorV1.csproj", "{96DBFEDF-A803-4A77-8061-D33DE46044C2}"
EndProject
Project("{FAE04EC0-301F-11D3-BF4B-00C04F79EFBC}") = "InterfaceDemo.VatCalculatorV2", "InterfaceDemo.VatCalculatorV2\InterfaceDemo.VatCalculatorV2.csproj", "{3D54B031-069B-4131-BF09-4A6000DF902D}"
EndProject
Project("{FAE04EC0-301F-11D3-BF4B-00C04F79EFBC}") = "InterfaceDemo.VatCalculatorV3", "InterfaceDemo.VatCalculatorV3\InterfaceDemo.VatCalculatorV3.csproj", "{66C930F8-7654-410A-9315-54D7C989E846}"
EndProject
Project("{FAE04EC0-301F-11D3-BF4B-00C04F79EFBC}") = "InterfaceDemo.VatCalculatorV4", "InterfaceDemo.VatCalculatorV4\InterfaceDemo.VatCalculatorV4.csproj", "{D7FE403A-FC21-46D4-A63C-DB467ADE9A2A}"
EndProject
Global
	GlobalSection(SolutionConfigurationPlatforms) = preSolution
		Debug|Any CPU = Debug|Any CPU
		Release|Any CPU = Release|Any CPU
	EndGlobalSection
	GlobalSection(ProjectConfigurationPlatforms) = postSolution
		{D413857A-700C-427E-8C67-7413A0D5D94B}.Debug|Any CPU.ActiveCfg = Debug|Any CPU
		{D413857A-700C-427E-8C67-7413A0D5D94B}.Debug|Any CPU.Build.0 = Debug|Any CPU
		{D413857A-700C-427E-8C67-7413A0D5D94B}.Release|Any CPU.ActiveCfg = Release|Any CPU
		{D413857A-700C-427E-8C67-7413A0D5D94B}.Release|Any CPU.Build.0 = Release|Any CPU
		{96DBFEDF-A803-4A77-8061-D33DE46044C2}.Debug|Any CPU.ActiveCfg = Debug|Any CPU
		{96DBFEDF-A803-4A77-8061-D33DE46044C2}.Debug|Any CPU.Build.0 = Debug|Any CPU
		{96DBFEDF-A803-4A77-8061-D33DE46044C2}.Release|Any CPU.ActiveCfg = Release|Any CPU
		{96DBFEDF-A803-4A77-8061-D33DE46044C2}.Release|Any CPU.Build.0 = Release|Any CPU
		{3D54B031-069B-4131-BF09-4A6000DF902D}.Debug|Any CPU.ActiveCfg = Debug|Any CPU
		{3D54B031-069B-4131-BF09-4A6000DF902D}.Debug|Any CPU.Build.0 = Debug|Any CPU
		{3D54B031-069B-4131-BF09-4A6000DF902D}.Release|Any CPU.ActiveCfg = Release|Any CPU
		{3D54B031-069B-4131-BF09-4A6000DF902D}.Release|Any CPU.Build.0 = Release|Any CPU
		{66C930F8-7654-410A-9315-54D7C989E846}.Debug|Any CPU.ActiveCfg = Debug|Any CPU
		{66C930F8-7654-410A-9315-54D7C989E846}.Debug|Any CPU.Build.0 = Debug|Any CPU
		{66C930F8-7654-410A-9315-54D7C989E846}.Release|Any CPU.ActiveCfg = Release|Any CPU
		{66C930F8-7654-410A-9315-54D7C989E846}.Release|Any CPU.Build.0 = Release|Any CPU
		{D7FE403A-FC21-46D4-A63C-DB467ADE9A2A}.Debug|Any CPU.ActiveCfg = Debug|Any CPU
		{D7FE403A-FC21-46D4-A63C-DB467ADE9A2A}.Debug|Any CPU.Build.0 = Debug|Any CPU
		{D7FE403A-FC21-46D4-A63C-DB467ADE9A2A}.Release|Any CPU.ActiveCfg = Release|Any CPU
		{D7FE403A-FC21-46D4-A63C-DB467ADE9A2A}.Release|Any CPU.Build.0 = Release|Any CPU
	EndGlobalSection
	GlobalSection(SolutionProperties) = preSolution
		HideSolutionNode = FALSE
	EndGlobalSection
	GlobalSection(ExtensibilityGlobals) = postSolution
		SolutionGuid = {45F8D21C-465A-41EB-A7CC-14EF1D71505B}
	EndGlobalSection
EndGlobal
