
Microsoft Visual Studio Solution File, Format Version 12.00
# Visual Studio Version 17
VisualStudioVersion = 17.14.36414.22
MinimumVisualStudioVersion = 10.0.40219.1
Project("{FAE04EC0-301F-11D3-BF4B-00C04F79EFBC}") = "EjendomsberegnerIoC", "EjendomsberegnerIoC\EjendomsberegnerIoC.csproj", "{D3D790EA-98A3-8A8B-5BF4-2887C2E70811}"
EndProject
Global
	GlobalSection(SolutionConfigurationPlatforms) = preSolution
		Debug|Any CPU = Debug|Any CPU
		Release|Any CPU = Release|Any CPU
	EndGlobalSection
	GlobalSection(ProjectConfigurationPlatforms) = postSolution
		{D3D790EA-98A3-8A8B-5BF4-2887C2E70811}.Debug|Any CPU.ActiveCfg = Debug|Any CPU
		{D3D790EA-98A3-8A8B-5BF4-2887C2E70811}.Debug|Any CPU.Build.0 = Debug|Any CPU
		{D3D790EA-98A3-8A8B-5BF4-2887C2E70811}.Release|Any CPU.ActiveCfg = Release|Any CPU
		{D3D790EA-98A3-8A8B-5BF4-2887C2E70811}.Release|Any CPU.Build.0 = Release|Any CPU
	EndGlobalSection
	GlobalSection(SolutionProperties) = preSolution
		HideSolutionNode = FALSE
	EndGlobalSection
	GlobalSection(ExtensibilityGlobals) = postSolution
		SolutionGuid = {295B7532-F7F3-4E80-B6EE-A1D19A121DE9}
	EndGlobalSection
EndGlobal
