
Microsoft Visual Studio Solution File, Format Version 12.00
# Visual Studio Version 17
VisualStudioVersion = 17.14.36408.4 d17.14
MinimumVisualStudioVersion = 10.0.40219.1
Project("{FAE04EC0-301F-11D3-BF4B-00C04F79EFBC}") = "MalerConsole", "MalerConsole\MalerConsole.csproj", "{43B17D5E-E6C1-42B8-A00D-6671EA2B07CB}"
EndProject
Global
	GlobalSection(SolutionConfigurationPlatforms) = preSolution
		Debug|Any CPU = Debug|Any CPU
		Release|Any CPU = Release|Any CPU
	EndGlobalSection
	GlobalSection(ProjectConfigurationPlatforms) = postSolution
		{43B17D5E-E6C1-42B8-A00D-6671EA2B07CB}.Debug|Any CPU.ActiveCfg = Debug|Any CPU
		{43B17D5E-E6C1-42B8-A00D-6671EA2B07CB}.Debug|Any CPU.Build.0 = Debug|Any CPU
		{43B17D5E-E6C1-42B8-A00D-6671EA2B07CB}.Release|Any CPU.ActiveCfg = Release|Any CPU
		{43B17D5E-E6C1-42B8-A00D-6671EA2B07CB}.Release|Any CPU.Build.0 = Release|Any CPU
	EndGlobalSection
	GlobalSection(SolutionProperties) = preSolution
		HideSolutionNode = FALSE
	EndGlobalSection
	GlobalSection(ExtensibilityGlobals) = postSolution
		SolutionGuid = {0CB39DB8-30BC-4D6F-8442-DC7D98556136}
	EndGlobalSection
EndGlobal
